# The base image already provides torch==2.6.0 with CUDA 12.4 and cuDNN 9.
# Keep this file explicit so server reruns do not silently change Transformers behavior.
numpy==2.2.2
PyYAML==6.0.2
transformers==4.48.3
huggingface-hub==0.28.1
safetensors==0.5.2
tokenizers==0.21.0
pytest==8.3.4
ruff==0.9.7

# Transitive runtime/test dependencies are pinned as well.
certifi==2026.6.17
charset-normalizer==3.4.9
filelock==3.31.2
fsspec==2026.6.0
idna==3.18
iniconfig==2.3.0
packaging==26.2
pluggy==1.6.0
regex==2026.7.19
requests==2.34.2
tqdm==4.69.0
typing-extensions==4.16.0
urllib3==2.7.0
